
Microsoft Visual Studio Solution File, Format Version 12.00
# Visual Studio 2013
VisualStudioVersion = 12.0.30723.0
MinimumVisualStudioVersion = 10.0.40219.1
Project("{2150E333-8FDC-42A3-9474-1A3956D46DE8}") = "Web Modules", "Web Modules", "{5DF3D86D-2F0E-4361-8297-32BA2AA3F04A}"
EndProject
Project("{2150E333-8FDC-42A3-9474-1A3956D46DE8}") = "Server Modules", "Server Modules", "{1E031CAF-200C-4623-9549-3B9AB10E31CB}"
EndProject
Project("{8BC9CEB8-8B4A-11D0-8D11-00A0C91BC942}") = "confutil", "src\confutil\confutil.vcxproj", "{15367E71-2488-460F-80B0-35777CC599D1}"
EndProject
Project("{8BC9CEB8-8B4A-11D0-8D11-00A0C91BC942}") = "dbutil", "src\dbutil\dbutil.vcxproj", "{10B2F170-9CBD-4A79-8C0B-B245BEAA314A}"
EndProject
Project("{8BC9CEB8-8B4A-11D0-8D11-00A0C91BC942}") = "gwmon", "src\win\gwmon\gwmon.vcxproj", "{5CF3AAB3-E74D-4539-A2DB-F2CFD63EB6BC}"
EndProject
Project("{8BC9CEB8-8B4A-11D0-8D11-00A0C91BC942}") = "server", "src\server\server.vcxproj", "{F221DD8F-3471-461B-8444-BCBD430B9593}"
	ProjectSection(ProjectDependencies) = postProject
		{52F99E4B-EA7D-470C-B66F-685C3B40626A} = {52F99E4B-EA7D-470C-B66F-685C3B40626A}
		{10B2F170-9CBD-4A79-8C0B-B245BEAA314A} = {10B2F170-9CBD-4A79-8C0B-B245BEAA314A}
		{15367E71-2488-460F-80B0-35777CC599D1} = {15367E71-2488-460F-80B0-35777CC599D1}
		{5CF3AAB3-E74D-4539-A2DB-F2CFD63EB6BC} = {5CF3AAB3-E74D-4539-A2DB-F2CFD63EB6BC}
	EndProjectSection
EndProject
Project("{8BC9CEB8-8B4A-11D0-8D11-00A0C91BC942}") = "core_ghttpd", "src\modules\core\ghttpd\core_ghttpd.vcxproj", "{C20B19A3-3426-41D6-8C02-BD1B4AF9F2B6}"
	ProjectSection(ProjectDependencies) = postProject
		{F221DD8F-3471-461B-8444-BCBD430B9593} = {F221DD8F-3471-461B-8444-BCBD430B9593}
	EndProjectSection
EndProject
Project("{8BC9CEB8-8B4A-11D0-8D11-00A0C91BC942}") = "core_httpd", "src\modules\core\httpd\core_httpd.vcxproj", "{D8CD8E65-3DE5-42E5-8550-7B01FEDC1E32}"
	ProjectSection(ProjectDependencies) = postProject
		{F221DD8F-3471-461B-8444-BCBD430B9593} = {F221DD8F-3471-461B-8444-BCBD430B9593}
	EndProjectSection
EndProject
Project("{8BC9CEB8-8B4A-11D0-8D11-00A0C91BC942}") = "core_pop3d", "src\modules\core\pop3d\core_pop3d.vcxproj", "{EC8868E2-86C1-4293-BE3B-343FCB93706A}"
	ProjectSection(ProjectDependencies) = postProject
		{F221DD8F-3471-461B-8444-BCBD430B9593} = {F221DD8F-3471-461B-8444-BCBD430B9593}
	EndProjectSection
EndProject
Project("{8BC9CEB8-8B4A-11D0-8D11-00A0C91BC942}") = "core_smtpd", "src\modules\core\smtpd\core_smtpd.vcxproj", "{50B04744-E545-4CC0-B880-E9A0C224461A}"
	ProjectSection(ProjectDependencies) = postProject
		{F221DD8F-3471-461B-8444-BCBD430B9593} = {F221DD8F-3471-461B-8444-BCBD430B9593}
	EndProjectSection
EndProject
Project("{8BC9CEB8-8B4A-11D0-8D11-00A0C91BC942}") = "core_smtpq", "src\modules\core\smtpq\core_smtpq.vcxproj", "{EF24EC64-5D27-43D6-A800-4C356C0D9E5F}"
	ProjectSection(ProjectDependencies) = postProject
		{F221DD8F-3471-461B-8444-BCBD430B9593} = {F221DD8F-3471-461B-8444-BCBD430B9593}
	EndProjectSection
EndProject
Project("{8BC9CEB8-8B4A-11D0-8D11-00A0C91BC942}") = "mod_admin", "src\modules\ghttpd\mod_admin\mod_admin.vcxproj", "{99AA5B4F-4162-4A9B-BD02-834029B8C640}"
	ProjectSection(ProjectDependencies) = postProject
		{C20B19A3-3426-41D6-8C02-BD1B4AF9F2B6} = {C20B19A3-3426-41D6-8C02-BD1B4AF9F2B6}
	EndProjectSection
EndProject
Project("{8BC9CEB8-8B4A-11D0-8D11-00A0C91BC942}") = "mod_bookmarks", "src\modules\ghttpd\mod_bookmarks\mod_bookmarks.vcxproj", "{BBBB5F05-79A5-41BA-A6B2-55CBFB5754E7}"
	ProjectSection(ProjectDependencies) = postProject
		{C20B19A3-3426-41D6-8C02-BD1B4AF9F2B6} = {C20B19A3-3426-41D6-8C02-BD1B4AF9F2B6}
	EndProjectSection
EndProject
Project("{8BC9CEB8-8B4A-11D0-8D11-00A0C91BC942}") = "mod_calendar", "src\modules\ghttpd\mod_calendar\mod_calendar.vcxproj", "{B4FD4DE7-3FC8-4F40-B5B9-2A3D76DC75F5}"
	ProjectSection(ProjectDependencies) = postProject
		{C20B19A3-3426-41D6-8C02-BD1B4AF9F2B6} = {C20B19A3-3426-41D6-8C02-BD1B4AF9F2B6}
	EndProjectSection
EndProject
Project("{8BC9CEB8-8B4A-11D0-8D11-00A0C91BC942}") = "mod_calls", "src\modules\ghttpd\mod_calls\mod_calls.vcxproj", "{FA65C363-5317-41BB-AA97-987A516E0B17}"
	ProjectSection(ProjectDependencies) = postProject
		{C20B19A3-3426-41D6-8C02-BD1B4AF9F2B6} = {C20B19A3-3426-41D6-8C02-BD1B4AF9F2B6}
	EndProjectSection
EndProject
Project("{8BC9CEB8-8B4A-11D0-8D11-00A0C91BC942}") = "mod_cgi", "src\modules\ghttpd\mod_cgi\mod_cgi.vcxproj", "{0FD9C9DC-3C6B-42E6-8CE3-D99A81CEF6A1}"
	ProjectSection(ProjectDependencies) = postProject
		{C20B19A3-3426-41D6-8C02-BD1B4AF9F2B6} = {C20B19A3-3426-41D6-8C02-BD1B4AF9F2B6}
	EndProjectSection
EndProject
Project("{8BC9CEB8-8B4A-11D0-8D11-00A0C91BC942}") = "mod_contacts", "src\modules\ghttpd\mod_contacts\mod_contacts.vcxproj", "{14541E00-914F-4ADC-8DF8-E563588566A8}"
	ProjectSection(ProjectDependencies) = postProject
		{C20B19A3-3426-41D6-8C02-BD1B4AF9F2B6} = {C20B19A3-3426-41D6-8C02-BD1B4AF9F2B6}
	EndProjectSection
EndProject
Project("{8BC9CEB8-8B4A-11D0-8D11-00A0C91BC942}") = "mod_email", "src\modules\ghttpd\mod_email\mod_email.vcxproj", "{93A899C3-ABE5-40AB-94AB-43CA34AABE5D}"
	ProjectSection(ProjectDependencies) = postProject
		{C20B19A3-3426-41D6-8C02-BD1B4AF9F2B6} = {C20B19A3-3426-41D6-8C02-BD1B4AF9F2B6}
	EndProjectSection
EndProject
Project("{8BC9CEB8-8B4A-11D0-8D11-00A0C91BC942}") = "mod_files", "src\modules\ghttpd\mod_files\mod_files.vcxproj", "{D38A3799-3BFA-4F69-890D-9761D3872277}"
	ProjectSection(ProjectDependencies) = postProject
		{C20B19A3-3426-41D6-8C02-BD1B4AF9F2B6} = {C20B19A3-3426-41D6-8C02-BD1B4AF9F2B6}
	EndProjectSection
EndProject
Project("{8BC9CEB8-8B4A-11D0-8D11-00A0C91BC942}") = "mod_finance", "src\modules\ghttpd\mod_finance\mod_finance.vcxproj", "{C2C2B4F6-9A66-4C86-9FAC-BC708E582CF5}"
	ProjectSection(ProjectDependencies) = postProject
		{C20B19A3-3426-41D6-8C02-BD1B4AF9F2B6} = {C20B19A3-3426-41D6-8C02-BD1B4AF9F2B6}
	EndProjectSection
EndProject
Project("{8BC9CEB8-8B4A-11D0-8D11-00A0C91BC942}") = "mod_forums", "src\modules\ghttpd\mod_forums\mod_forums.vcxproj", "{794CC935-927B-46BA-8785-AAD29C9F0A90}"
	ProjectSection(ProjectDependencies) = postProject
		{C20B19A3-3426-41D6-8C02-BD1B4AF9F2B6} = {C20B19A3-3426-41D6-8C02-BD1B4AF9F2B6}
	EndProjectSection
EndProject
Project("{8BC9CEB8-8B4A-11D0-8D11-00A0C91BC942}") = "mod_html", "src\modules\ghttpd\mod_html\mod_html.vcxproj", "{2DF98ACA-2EE7-4916-93A7-2A8AE4BAA987}"
	ProjectSection(ProjectDependencies) = postProject
		{C20B19A3-3426-41D6-8C02-BD1B4AF9F2B6} = {C20B19A3-3426-41D6-8C02-BD1B4AF9F2B6}
	EndProjectSection
EndProject
Project("{8BC9CEB8-8B4A-11D0-8D11-00A0C91BC942}") = "mod_messages", "src\modules\ghttpd\mod_messages\mod_messages.vcxproj", "{F30C1028-88CC-4248-85C5-7751B78C4622}"
	ProjectSection(ProjectDependencies) = postProject
		{C20B19A3-3426-41D6-8C02-BD1B4AF9F2B6} = {C20B19A3-3426-41D6-8C02-BD1B4AF9F2B6}
	EndProjectSection
EndProject
Project("{8BC9CEB8-8B4A-11D0-8D11-00A0C91BC942}") = "mod_notes", "src\modules\ghttpd\mod_notes\mod_notes.vcxproj", "{7B0C2CAA-EB24-4C66-A44F-1DC18E767D52}"
	ProjectSection(ProjectDependencies) = postProject
		{C20B19A3-3426-41D6-8C02-BD1B4AF9F2B6} = {C20B19A3-3426-41D6-8C02-BD1B4AF9F2B6}
	EndProjectSection
EndProject
Project("{8BC9CEB8-8B4A-11D0-8D11-00A0C91BC942}") = "mod_profile", "src\modules\ghttpd\mod_profile\mod_profile.vcxproj", "{9871DDE7-E2BF-44A7-935D-C7A0561EFB42}"
	ProjectSection(ProjectDependencies) = postProject
		{C20B19A3-3426-41D6-8C02-BD1B4AF9F2B6} = {C20B19A3-3426-41D6-8C02-BD1B4AF9F2B6}
	EndProjectSection
EndProject
Project("{8BC9CEB8-8B4A-11D0-8D11-00A0C91BC942}") = "mod_projects", "src\modules\ghttpd\mod_projects\mod_projects.vcxproj", "{7AA056C7-9A1A-45AD-9CC8-76FF487285C8}"
	ProjectSection(ProjectDependencies) = postProject
		{C20B19A3-3426-41D6-8C02-BD1B4AF9F2B6} = {C20B19A3-3426-41D6-8C02-BD1B4AF9F2B6}
	EndProjectSection
EndProject
Project("{8BC9CEB8-8B4A-11D0-8D11-00A0C91BC942}") = "mod_searches", "src\modules\ghttpd\mod_searches\mod_searches.vcxproj", "{6F61727D-01F4-4B5F-AB7E-B1CAB4CAD7A4}"
	ProjectSection(ProjectDependencies) = postProject
		{C20B19A3-3426-41D6-8C02-BD1B4AF9F2B6} = {C20B19A3-3426-41D6-8C02-BD1B4AF9F2B6}
	EndProjectSection
EndProject
Project("{8BC9CEB8-8B4A-11D0-8D11-00A0C91BC942}") = "mod_spellcheck", "src\modules\ghttpd\mod_spellcheck\mod_spellcheck.vcxproj", "{36683E3D-E0B6-4D59-AA52-C80E1D9B579D}"
	ProjectSection(ProjectDependencies) = postProject
		{C20B19A3-3426-41D6-8C02-BD1B4AF9F2B6} = {C20B19A3-3426-41D6-8C02-BD1B4AF9F2B6}
	EndProjectSection
EndProject
Project("{8BC9CEB8-8B4A-11D0-8D11-00A0C91BC942}") = "mod_tasks", "src\modules\ghttpd\mod_tasks\mod_tasks.vcxproj", "{D0C76CB0-902F-457F-B492-B0FA397A6E88}"
	ProjectSection(ProjectDependencies) = postProject
		{C20B19A3-3426-41D6-8C02-BD1B4AF9F2B6} = {C20B19A3-3426-41D6-8C02-BD1B4AF9F2B6}
	EndProjectSection
EndProject
Project("{8BC9CEB8-8B4A-11D0-8D11-00A0C91BC942}") = "mod_xmlrpc", "src\modules\ghttpd\mod_xmlrpc\mod_xmlrpc.vcxproj", "{60A4F745-7573-4926-A159-8061049FD5A2}"
	ProjectSection(ProjectDependencies) = postProject
		{C20B19A3-3426-41D6-8C02-BD1B4AF9F2B6} = {C20B19A3-3426-41D6-8C02-BD1B4AF9F2B6}
	EndProjectSection
EndProject
Project("{8BC9CEB8-8B4A-11D0-8D11-00A0C91BC942}") = "mod_weblog", "src\modules\ghttpd\mod_weblog\mod_weblog.vcxproj", "{94A3CDC8-58C9-43E4-B845-545BA7412C2A}"
	ProjectSection(ProjectDependencies) = postProject
		{C20B19A3-3426-41D6-8C02-BD1B4AF9F2B6} = {C20B19A3-3426-41D6-8C02-BD1B4AF9F2B6}
	EndProjectSection
EndProject
Project("{8BC9CEB8-8B4A-11D0-8D11-00A0C91BC942}") = "libnsp", "src\libnsp\libnsp.vcxproj", "{52F99E4B-EA7D-470C-B66F-685C3B40626A}"
EndProject
Global
	GlobalSection(SolutionConfigurationPlatforms) = preSolution
		Debug|Win32 = Debug|Win32
		Release|Win32 = Release|Win32
	EndGlobalSection
	GlobalSection(ProjectConfigurationPlatforms) = postSolution
		{15367E71-2488-460F-80B0-35777CC599D1}.Debug|Win32.ActiveCfg = Release|Win32
		{15367E71-2488-460F-80B0-35777CC599D1}.Debug|Win32.Build.0 = Release|Win32
		{15367E71-2488-460F-80B0-35777CC599D1}.Release|Win32.ActiveCfg = Release|Win32
		{15367E71-2488-460F-80B0-35777CC599D1}.Release|Win32.Build.0 = Release|Win32
		{10B2F170-9CBD-4A79-8C0B-B245BEAA314A}.Debug|Win32.ActiveCfg = Release|Win32
		{10B2F170-9CBD-4A79-8C0B-B245BEAA314A}.Debug|Win32.Build.0 = Release|Win32
		{10B2F170-9CBD-4A79-8C0B-B245BEAA314A}.Release|Win32.ActiveCfg = Release|Win32
		{10B2F170-9CBD-4A79-8C0B-B245BEAA314A}.Release|Win32.Build.0 = Release|Win32
		{5CF3AAB3-E74D-4539-A2DB-F2CFD63EB6BC}.Debug|Win32.ActiveCfg = Release|Win32
		{5CF3AAB3-E74D-4539-A2DB-F2CFD63EB6BC}.Debug|Win32.Build.0 = Release|Win32
		{5CF3AAB3-E74D-4539-A2DB-F2CFD63EB6BC}.Release|Win32.ActiveCfg = Release|Win32
		{5CF3AAB3-E74D-4539-A2DB-F2CFD63EB6BC}.Release|Win32.Build.0 = Release|Win32
		{F221DD8F-3471-461B-8444-BCBD430B9593}.Debug|Win32.ActiveCfg = Release|Win32
		{F221DD8F-3471-461B-8444-BCBD430B9593}.Debug|Win32.Build.0 = Release|Win32
		{F221DD8F-3471-461B-8444-BCBD430B9593}.Release|Win32.ActiveCfg = Release|Win32
		{F221DD8F-3471-461B-8444-BCBD430B9593}.Release|Win32.Build.0 = Release|Win32
		{C20B19A3-3426-41D6-8C02-BD1B4AF9F2B6}.Debug|Win32.ActiveCfg = Release|Win32
		{C20B19A3-3426-41D6-8C02-BD1B4AF9F2B6}.Debug|Win32.Build.0 = Release|Win32
		{C20B19A3-3426-41D6-8C02-BD1B4AF9F2B6}.Release|Win32.ActiveCfg = Release|Win32
		{C20B19A3-3426-41D6-8C02-BD1B4AF9F2B6}.Release|Win32.Build.0 = Release|Win32
		{D8CD8E65-3DE5-42E5-8550-7B01FEDC1E32}.Debug|Win32.ActiveCfg = Release|Win32
		{D8CD8E65-3DE5-42E5-8550-7B01FEDC1E32}.Debug|Win32.Build.0 = Release|Win32
		{D8CD8E65-3DE5-42E5-8550-7B01FEDC1E32}.Release|Win32.ActiveCfg = Release|Win32
		{D8CD8E65-3DE5-42E5-8550-7B01FEDC1E32}.Release|Win32.Build.0 = Release|Win32
		{EC8868E2-86C1-4293-BE3B-343FCB93706A}.Debug|Win32.ActiveCfg = Release|Win32
		{EC8868E2-86C1-4293-BE3B-343FCB93706A}.Debug|Win32.Build.0 = Release|Win32
		{EC8868E2-86C1-4293-BE3B-343FCB93706A}.Release|Win32.ActiveCfg = Release|Win32
		{EC8868E2-86C1-4293-BE3B-343FCB93706A}.Release|Win32.Build.0 = Release|Win32
		{50B04744-E545-4CC0-B880-E9A0C224461A}.Debug|Win32.ActiveCfg = Release|Win32
		{50B04744-E545-4CC0-B880-E9A0C224461A}.Debug|Win32.Build.0 = Release|Win32
		{50B04744-E545-4CC0-B880-E9A0C224461A}.Release|Win32.ActiveCfg = Release|Win32
		{50B04744-E545-4CC0-B880-E9A0C224461A}.Release|Win32.Build.0 = Release|Win32
		{EF24EC64-5D27-43D6-A800-4C356C0D9E5F}.Debug|Win32.ActiveCfg = Release|Win32
		{EF24EC64-5D27-43D6-A800-4C356C0D9E5F}.Debug|Win32.Build.0 = Release|Win32
		{EF24EC64-5D27-43D6-A800-4C356C0D9E5F}.Release|Win32.ActiveCfg = Release|Win32
		{EF24EC64-5D27-43D6-A800-4C356C0D9E5F}.Release|Win32.Build.0 = Release|Win32
		{99AA5B4F-4162-4A9B-BD02-834029B8C640}.Debug|Win32.ActiveCfg = Release|Win32
		{99AA5B4F-4162-4A9B-BD02-834029B8C640}.Debug|Win32.Build.0 = Release|Win32
		{99AA5B4F-4162-4A9B-BD02-834029B8C640}.Release|Win32.ActiveCfg = Release|Win32
		{99AA5B4F-4162-4A9B-BD02-834029B8C640}.Release|Win32.Build.0 = Release|Win32
		{BBBB5F05-79A5-41BA-A6B2-55CBFB5754E7}.Debug|Win32.ActiveCfg = Release|Win32
		{BBBB5F05-79A5-41BA-A6B2-55CBFB5754E7}.Debug|Win32.Build.0 = Release|Win32
		{BBBB5F05-79A5-41BA-A6B2-55CBFB5754E7}.Release|Win32.ActiveCfg = Release|Win32
		{BBBB5F05-79A5-41BA-A6B2-55CBFB5754E7}.Release|Win32.Build.0 = Release|Win32
		{B4FD4DE7-3FC8-4F40-B5B9-2A3D76DC75F5}.Debug|Win32.ActiveCfg = Release|Win32
		{B4FD4DE7-3FC8-4F40-B5B9-2A3D76DC75F5}.Debug|Win32.Build.0 = Release|Win32
		{B4FD4DE7-3FC8-4F40-B5B9-2A3D76DC75F5}.Release|Win32.ActiveCfg = Release|Win32
		{B4FD4DE7-3FC8-4F40-B5B9-2A3D76DC75F5}.Release|Win32.Build.0 = Release|Win32
		{FA65C363-5317-41BB-AA97-987A516E0B17}.Debug|Win32.ActiveCfg = Release|Win32
		{FA65C363-5317-41BB-AA97-987A516E0B17}.Debug|Win32.Build.0 = Release|Win32
		{FA65C363-5317-41BB-AA97-987A516E0B17}.Release|Win32.ActiveCfg = Release|Win32
		{FA65C363-5317-41BB-AA97-987A516E0B17}.Release|Win32.Build.0 = Release|Win32
		{0FD9C9DC-3C6B-42E6-8CE3-D99A81CEF6A1}.Debug|Win32.ActiveCfg = Release|Win32
		{0FD9C9DC-3C6B-42E6-8CE3-D99A81CEF6A1}.Debug|Win32.Build.0 = Release|Win32
		{0FD9C9DC-3C6B-42E6-8CE3-D99A81CEF6A1}.Release|Win32.ActiveCfg = Release|Win32
		{0FD9C9DC-3C6B-42E6-8CE3-D99A81CEF6A1}.Release|Win32.Build.0 = Release|Win32
		{14541E00-914F-4ADC-8DF8-E563588566A8}.Debug|Win32.ActiveCfg = Release|Win32
		{14541E00-914F-4ADC-8DF8-E563588566A8}.Debug|Win32.Build.0 = Release|Win32
		{14541E00-914F-4ADC-8DF8-E563588566A8}.Release|Win32.ActiveCfg = Release|Win32
		{14541E00-914F-4ADC-8DF8-E563588566A8}.Release|Win32.Build.0 = Release|Win32
		{93A899C3-ABE5-40AB-94AB-43CA34AABE5D}.Debug|Win32.ActiveCfg = Release|Win32
		{93A899C3-ABE5-40AB-94AB-43CA34AABE5D}.Debug|Win32.Build.0 = Release|Win32
		{93A899C3-ABE5-40AB-94AB-43CA34AABE5D}.Release|Win32.ActiveCfg = Release|Win32
		{93A899C3-ABE5-40AB-94AB-43CA34AABE5D}.Release|Win32.Build.0 = Release|Win32
		{D38A3799-3BFA-4F69-890D-9761D3872277}.Debug|Win32.ActiveCfg = Release|Win32
		{D38A3799-3BFA-4F69-890D-9761D3872277}.Debug|Win32.Build.0 = Release|Win32
		{D38A3799-3BFA-4F69-890D-9761D3872277}.Release|Win32.ActiveCfg = Release|Win32
		{D38A3799-3BFA-4F69-890D-9761D3872277}.Release|Win32.Build.0 = Release|Win32
		{C2C2B4F6-9A66-4C86-9FAC-BC708E582CF5}.Debug|Win32.ActiveCfg = Release|Win32
		{C2C2B4F6-9A66-4C86-9FAC-BC708E582CF5}.Debug|Win32.Build.0 = Release|Win32
		{C2C2B4F6-9A66-4C86-9FAC-BC708E582CF5}.Release|Win32.ActiveCfg = Release|Win32
		{C2C2B4F6-9A66-4C86-9FAC-BC708E582CF5}.Release|Win32.Build.0 = Release|Win32
		{794CC935-927B-46BA-8785-AAD29C9F0A90}.Debug|Win32.ActiveCfg = Release|Win32
		{794CC935-927B-46BA-8785-AAD29C9F0A90}.Debug|Win32.Build.0 = Release|Win32
		{794CC935-927B-46BA-8785-AAD29C9F0A90}.Release|Win32.ActiveCfg = Release|Win32
		{794CC935-927B-46BA-8785-AAD29C9F0A90}.Release|Win32.Build.0 = Release|Win32
		{2DF98ACA-2EE7-4916-93A7-2A8AE4BAA987}.Debug|Win32.ActiveCfg = Release|Win32
		{2DF98ACA-2EE7-4916-93A7-2A8AE4BAA987}.Debug|Win32.Build.0 = Release|Win32
		{2DF98ACA-2EE7-4916-93A7-2A8AE4BAA987}.Release|Win32.ActiveCfg = Release|Win32
		{2DF98ACA-2EE7-4916-93A7-2A8AE4BAA987}.Release|Win32.Build.0 = Release|Win32
		{F30C1028-88CC-4248-85C5-7751B78C4622}.Debug|Win32.ActiveCfg = Release|Win32
		{F30C1028-88CC-4248-85C5-7751B78C4622}.Debug|Win32.Build.0 = Release|Win32
		{F30C1028-88CC-4248-85C5-7751B78C4622}.Release|Win32.ActiveCfg = Release|Win32
		{F30C1028-88CC-4248-85C5-7751B78C4622}.Release|Win32.Build.0 = Release|Win32
		{7B0C2CAA-EB24-4C66-A44F-1DC18E767D52}.Debug|Win32.ActiveCfg = Release|Win32
		{7B0C2CAA-EB24-4C66-A44F-1DC18E767D52}.Debug|Win32.Build.0 = Release|Win32
		{7B0C2CAA-EB24-4C66-A44F-1DC18E767D52}.Release|Win32.ActiveCfg = Release|Win32
		{7B0C2CAA-EB24-4C66-A44F-1DC18E767D52}.Release|Win32.Build.0 = Release|Win32
		{9871DDE7-E2BF-44A7-935D-C7A0561EFB42}.Debug|Win32.ActiveCfg = Release|Win32
		{9871DDE7-E2BF-44A7-935D-C7A0561EFB42}.Debug|Win32.Build.0 = Release|Win32
		{9871DDE7-E2BF-44A7-935D-C7A0561EFB42}.Release|Win32.ActiveCfg = Release|Win32
		{9871DDE7-E2BF-44A7-935D-C7A0561EFB42}.Release|Win32.Build.0 = Release|Win32
		{7AA056C7-9A1A-45AD-9CC8-76FF487285C8}.Debug|Win32.ActiveCfg = Release|Win32
		{7AA056C7-9A1A-45AD-9CC8-76FF487285C8}.Debug|Win32.Build.0 = Release|Win32
		{7AA056C7-9A1A-45AD-9CC8-76FF487285C8}.Release|Win32.ActiveCfg = Release|Win32
		{7AA056C7-9A1A-45AD-9CC8-76FF487285C8}.Release|Win32.Build.0 = Release|Win32
		{6F61727D-01F4-4B5F-AB7E-B1CAB4CAD7A4}.Debug|Win32.ActiveCfg = Release|Win32
		{6F61727D-01F4-4B5F-AB7E-B1CAB4CAD7A4}.Debug|Win32.Build.0 = Release|Win32
		{6F61727D-01F4-4B5F-AB7E-B1CAB4CAD7A4}.Release|Win32.ActiveCfg = Release|Win32
		{6F61727D-01F4-4B5F-AB7E-B1CAB4CAD7A4}.Release|Win32.Build.0 = Release|Win32
		{36683E3D-E0B6-4D59-AA52-C80E1D9B579D}.Debug|Win32.ActiveCfg = Release|Win32
		{36683E3D-E0B6-4D59-AA52-C80E1D9B579D}.Debug|Win32.Build.0 = Release|Win32
		{36683E3D-E0B6-4D59-AA52-C80E1D9B579D}.Release|Win32.ActiveCfg = Release|Win32
		{36683E3D-E0B6-4D59-AA52-C80E1D9B579D}.Release|Win32.Build.0 = Release|Win32
		{D0C76CB0-902F-457F-B492-B0FA397A6E88}.Debug|Win32.ActiveCfg = Release|Win32
		{D0C76CB0-902F-457F-B492-B0FA397A6E88}.Debug|Win32.Build.0 = Release|Win32
		{D0C76CB0-902F-457F-B492-B0FA397A6E88}.Release|Win32.ActiveCfg = Release|Win32
		{D0C76CB0-902F-457F-B492-B0FA397A6E88}.Release|Win32.Build.0 = Release|Win32
		{60A4F745-7573-4926-A159-8061049FD5A2}.Debug|Win32.ActiveCfg = Release|Win32
		{60A4F745-7573-4926-A159-8061049FD5A2}.Debug|Win32.Build.0 = Release|Win32
		{60A4F745-7573-4926-A159-8061049FD5A2}.Release|Win32.ActiveCfg = Release|Win32
		{60A4F745-7573-4926-A159-8061049FD5A2}.Release|Win32.Build.0 = Release|Win32
		{94A3CDC8-58C9-43E4-B845-545BA7412C2A}.Debug|Win32.ActiveCfg = Release|Win32
		{94A3CDC8-58C9-43E4-B845-545BA7412C2A}.Debug|Win32.Build.0 = Release|Win32
		{94A3CDC8-58C9-43E4-B845-545BA7412C2A}.Release|Win32.ActiveCfg = Release|Win32
		{94A3CDC8-58C9-43E4-B845-545BA7412C2A}.Release|Win32.Build.0 = Release|Win32
		{52F99E4B-EA7D-470C-B66F-685C3B40626A}.Debug|Win32.ActiveCfg = Debug|Win32
		{52F99E4B-EA7D-470C-B66F-685C3B40626A}.Debug|Win32.Build.0 = Debug|Win32
		{52F99E4B-EA7D-470C-B66F-685C3B40626A}.Release|Win32.ActiveCfg = Release|Win32
		{52F99E4B-EA7D-470C-B66F-685C3B40626A}.Release|Win32.Build.0 = Release|Win32
	EndGlobalSection
	GlobalSection(SolutionProperties) = preSolution
		HideSolutionNode = FALSE
	EndGlobalSection
	GlobalSection(NestedProjects) = preSolution
		{C20B19A3-3426-41D6-8C02-BD1B4AF9F2B6} = {1E031CAF-200C-4623-9549-3B9AB10E31CB}
		{D8CD8E65-3DE5-42E5-8550-7B01FEDC1E32} = {1E031CAF-200C-4623-9549-3B9AB10E31CB}
		{EC8868E2-86C1-4293-BE3B-343FCB93706A} = {1E031CAF-200C-4623-9549-3B9AB10E31CB}
		{50B04744-E545-4CC0-B880-E9A0C224461A} = {1E031CAF-200C-4623-9549-3B9AB10E31CB}
		{EF24EC64-5D27-43D6-A800-4C356C0D9E5F} = {1E031CAF-200C-4623-9549-3B9AB10E31CB}
		{99AA5B4F-4162-4A9B-BD02-834029B8C640} = {5DF3D86D-2F0E-4361-8297-32BA2AA3F04A}
		{BBBB5F05-79A5-41BA-A6B2-55CBFB5754E7} = {5DF3D86D-2F0E-4361-8297-32BA2AA3F04A}
		{B4FD4DE7-3FC8-4F40-B5B9-2A3D76DC75F5} = {5DF3D86D-2F0E-4361-8297-32BA2AA3F04A}
		{FA65C363-5317-41BB-AA97-987A516E0B17} = {5DF3D86D-2F0E-4361-8297-32BA2AA3F04A}
		{0FD9C9DC-3C6B-42E6-8CE3-D99A81CEF6A1} = {5DF3D86D-2F0E-4361-8297-32BA2AA3F04A}
		{14541E00-914F-4ADC-8DF8-E563588566A8} = {5DF3D86D-2F0E-4361-8297-32BA2AA3F04A}
		{93A899C3-ABE5-40AB-94AB-43CA34AABE5D} = {5DF3D86D-2F0E-4361-8297-32BA2AA3F04A}
		{D38A3799-3BFA-4F69-890D-9761D3872277} = {5DF3D86D-2F0E-4361-8297-32BA2AA3F04A}
		{C2C2B4F6-9A66-4C86-9FAC-BC708E582CF5} = {5DF3D86D-2F0E-4361-8297-32BA2AA3F04A}
		{794CC935-927B-46BA-8785-AAD29C9F0A90} = {5DF3D86D-2F0E-4361-8297-32BA2AA3F04A}
		{2DF98ACA-2EE7-4916-93A7-2A8AE4BAA987} = {5DF3D86D-2F0E-4361-8297-32BA2AA3F04A}
		{F30C1028-88CC-4248-85C5-7751B78C4622} = {5DF3D86D-2F0E-4361-8297-32BA2AA3F04A}
		{7B0C2CAA-EB24-4C66-A44F-1DC18E767D52} = {5DF3D86D-2F0E-4361-8297-32BA2AA3F04A}
		{9871DDE7-E2BF-44A7-935D-C7A0561EFB42} = {5DF3D86D-2F0E-4361-8297-32BA2AA3F04A}
		{7AA056C7-9A1A-45AD-9CC8-76FF487285C8} = {5DF3D86D-2F0E-4361-8297-32BA2AA3F04A}
		{6F61727D-01F4-4B5F-AB7E-B1CAB4CAD7A4} = {5DF3D86D-2F0E-4361-8297-32BA2AA3F04A}
		{36683E3D-E0B6-4D59-AA52-C80E1D9B579D} = {5DF3D86D-2F0E-4361-8297-32BA2AA3F04A}
		{D0C76CB0-902F-457F-B492-B0FA397A6E88} = {5DF3D86D-2F0E-4361-8297-32BA2AA3F04A}
		{60A4F745-7573-4926-A159-8061049FD5A2} = {5DF3D86D-2F0E-4361-8297-32BA2AA3F04A}
		{94A3CDC8-58C9-43E4-B845-545BA7412C2A} = {5DF3D86D-2F0E-4361-8297-32BA2AA3F04A}
	EndGlobalSection
EndGlobal
