
Microsoft Visual Studio Solution File, Format Version 10.00
# Visual Studio 2008
Project("{8BC9CEB8-8B4A-11D0-8D11-00A0C91BC942}") = "libnsd", "src\libnsd\libnsd.vcproj", "{523F6D91-428F-4331-BD21-78F838E50BB2}"
	ProjectSection(ProjectDependencies) = postProject
		{52F99E4B-EA7D-470C-B66F-685C3B40626A} = {52F99E4B-EA7D-470C-B66F-685C3B40626A}
	EndProjectSection
EndProject
Project("{8BC9CEB8-8B4A-11D0-8D11-00A0C91BC942}") = "libnsp", "src\libnsp\libnsp.vcproj", "{52F99E4B-EA7D-470C-B66F-685C3B40626A}"
EndProject
Project("{8BC9CEB8-8B4A-11D0-8D11-00A0C91BC942}") = "server", "src\server\server.vcproj", "{4F588DB1-A8C3-4610-85FE-AA281A263074}"
	ProjectSection(ProjectDependencies) = postProject
		{52F99E4B-EA7D-470C-B66F-685C3B40626A} = {52F99E4B-EA7D-470C-B66F-685C3B40626A}
		{523F6D91-428F-4331-BD21-78F838E50BB2} = {523F6D91-428F-4331-BD21-78F838E50BB2}
	EndProjectSection
EndProject
Project("{2150E333-8FDC-42A3-9474-1A3956D46DE8}") = "Core Modules", "Core Modules", "{C1B75E8D-C0A9-48AA-B6E2-C6C9EE96EA47}"
EndProject
Project("{2150E333-8FDC-42A3-9474-1A3956D46DE8}") = "Core Libs", "Core Libs", "{1E231CBD-18F4-4D61-B07E-1D67521B9124}"
EndProject
Project("{8BC9CEB8-8B4A-11D0-8D11-00A0C91BC942}") = "httpd", "src\modules\core\httpd\httpd.vcproj", "{58D091D7-189D-4DCF-85B0-1F9A4B70AA59}"
	ProjectSection(ProjectDependencies) = postProject
		{52F99E4B-EA7D-470C-B66F-685C3B40626A} = {52F99E4B-EA7D-470C-B66F-685C3B40626A}
		{523F6D91-428F-4331-BD21-78F838E50BB2} = {523F6D91-428F-4331-BD21-78F838E50BB2}
	EndProjectSection
EndProject
Project("{8BC9CEB8-8B4A-11D0-8D11-00A0C91BC942}") = "gsmon", "src\win\gsmon\gsmon.vcproj", "{A6BE8EEB-9417-4E65-8155-E53DC3343586}"
	ProjectSection(ProjectDependencies) = postProject
		{52F99E4B-EA7D-470C-B66F-685C3B40626A} = {52F99E4B-EA7D-470C-B66F-685C3B40626A}
		{523F6D91-428F-4331-BD21-78F838E50BB2} = {523F6D91-428F-4331-BD21-78F838E50BB2}
	EndProjectSection
EndProject
Project("{8BC9CEB8-8B4A-11D0-8D11-00A0C91BC942}") = "confutil", "src\confutil\confutil.vcproj", "{67178C9F-A7A4-4445-A6D6-759A0AB810F0}"
	ProjectSection(ProjectDependencies) = postProject
		{52F99E4B-EA7D-470C-B66F-685C3B40626A} = {52F99E4B-EA7D-470C-B66F-685C3B40626A}
		{523F6D91-428F-4331-BD21-78F838E50BB2} = {523F6D91-428F-4331-BD21-78F838E50BB2}
	EndProjectSection
EndProject
Project("{8BC9CEB8-8B4A-11D0-8D11-00A0C91BC942}") = "dbutil", "src\dbutil\dbutil.vcproj", "{47334CB0-11C1-4B73-81F8-1EF900241B21}"
	ProjectSection(ProjectDependencies) = postProject
		{52F99E4B-EA7D-470C-B66F-685C3B40626A} = {52F99E4B-EA7D-470C-B66F-685C3B40626A}
		{523F6D91-428F-4331-BD21-78F838E50BB2} = {523F6D91-428F-4331-BD21-78F838E50BB2}
	EndProjectSection
EndProject
Project("{8BC9CEB8-8B4A-11D0-8D11-00A0C91BC942}") = "pop3d", "src\modules\core\pop3d\pop3d.vcproj", "{CCCEA9BF-A0A1-4B59-8C8A-A5E8E9D8914A}"
	ProjectSection(ProjectDependencies) = postProject
		{52F99E4B-EA7D-470C-B66F-685C3B40626A} = {52F99E4B-EA7D-470C-B66F-685C3B40626A}
		{523F6D91-428F-4331-BD21-78F838E50BB2} = {523F6D91-428F-4331-BD21-78F838E50BB2}
	EndProjectSection
EndProject
Project("{8BC9CEB8-8B4A-11D0-8D11-00A0C91BC942}") = "smtpd", "src\modules\core\smtpd\smtpd.vcproj", "{65BCE2C7-1274-4D24-A6B2-D2B350647917}"
	ProjectSection(ProjectDependencies) = postProject
		{52F99E4B-EA7D-470C-B66F-685C3B40626A} = {52F99E4B-EA7D-470C-B66F-685C3B40626A}
		{523F6D91-428F-4331-BD21-78F838E50BB2} = {523F6D91-428F-4331-BD21-78F838E50BB2}
	EndProjectSection
EndProject
Project("{8BC9CEB8-8B4A-11D0-8D11-00A0C91BC942}") = "smtpq", "src\modules\core\smtpq\smtpq.vcproj", "{8622AFF9-44DE-481F-9EC4-876747BF047D}"
	ProjectSection(ProjectDependencies) = postProject
		{52F99E4B-EA7D-470C-B66F-685C3B40626A} = {52F99E4B-EA7D-470C-B66F-685C3B40626A}
		{523F6D91-428F-4331-BD21-78F838E50BB2} = {523F6D91-428F-4331-BD21-78F838E50BB2}
	EndProjectSection
EndProject
Project("{2150E333-8FDC-42A3-9474-1A3956D46DE8}") = "Utils", "Utils", "{0122AC38-C971-4C7D-AE0E-BFC06BE444E0}"
EndProject
Global
	GlobalSection(SolutionConfigurationPlatforms) = preSolution
		Debug|Win32 = Debug|Win32
		Release|Win32 = Release|Win32
	EndGlobalSection
	GlobalSection(ProjectConfigurationPlatforms) = postSolution
		{523F6D91-428F-4331-BD21-78F838E50BB2}.Debug|Win32.ActiveCfg = Debug|Win32
		{523F6D91-428F-4331-BD21-78F838E50BB2}.Debug|Win32.Build.0 = Debug|Win32
		{523F6D91-428F-4331-BD21-78F838E50BB2}.Release|Win32.ActiveCfg = Release|Win32
		{523F6D91-428F-4331-BD21-78F838E50BB2}.Release|Win32.Build.0 = Release|Win32
		{52F99E4B-EA7D-470C-B66F-685C3B40626A}.Debug|Win32.ActiveCfg = Debug|Win32
		{52F99E4B-EA7D-470C-B66F-685C3B40626A}.Debug|Win32.Build.0 = Debug|Win32
		{52F99E4B-EA7D-470C-B66F-685C3B40626A}.Release|Win32.ActiveCfg = Release|Win32
		{52F99E4B-EA7D-470C-B66F-685C3B40626A}.Release|Win32.Build.0 = Release|Win32
		{4F588DB1-A8C3-4610-85FE-AA281A263074}.Debug|Win32.ActiveCfg = Debug|Win32
		{4F588DB1-A8C3-4610-85FE-AA281A263074}.Debug|Win32.Build.0 = Debug|Win32
		{4F588DB1-A8C3-4610-85FE-AA281A263074}.Release|Win32.ActiveCfg = Release|Win32
		{4F588DB1-A8C3-4610-85FE-AA281A263074}.Release|Win32.Build.0 = Release|Win32
		{58D091D7-189D-4DCF-85B0-1F9A4B70AA59}.Debug|Win32.ActiveCfg = Debug|Win32
		{58D091D7-189D-4DCF-85B0-1F9A4B70AA59}.Debug|Win32.Build.0 = Debug|Win32
		{58D091D7-189D-4DCF-85B0-1F9A4B70AA59}.Release|Win32.ActiveCfg = Release|Win32
		{58D091D7-189D-4DCF-85B0-1F9A4B70AA59}.Release|Win32.Build.0 = Release|Win32
		{A6BE8EEB-9417-4E65-8155-E53DC3343586}.Debug|Win32.ActiveCfg = Debug|Win32
		{A6BE8EEB-9417-4E65-8155-E53DC3343586}.Debug|Win32.Build.0 = Debug|Win32
		{A6BE8EEB-9417-4E65-8155-E53DC3343586}.Release|Win32.ActiveCfg = Release|Win32
		{A6BE8EEB-9417-4E65-8155-E53DC3343586}.Release|Win32.Build.0 = Release|Win32
		{67178C9F-A7A4-4445-A6D6-759A0AB810F0}.Debug|Win32.ActiveCfg = Debug|Win32
		{67178C9F-A7A4-4445-A6D6-759A0AB810F0}.Debug|Win32.Build.0 = Debug|Win32
		{67178C9F-A7A4-4445-A6D6-759A0AB810F0}.Release|Win32.ActiveCfg = Release|Win32
		{67178C9F-A7A4-4445-A6D6-759A0AB810F0}.Release|Win32.Build.0 = Release|Win32
		{47334CB0-11C1-4B73-81F8-1EF900241B21}.Debug|Win32.ActiveCfg = Debug|Win32
		{47334CB0-11C1-4B73-81F8-1EF900241B21}.Debug|Win32.Build.0 = Debug|Win32
		{47334CB0-11C1-4B73-81F8-1EF900241B21}.Release|Win32.ActiveCfg = Release|Win32
		{47334CB0-11C1-4B73-81F8-1EF900241B21}.Release|Win32.Build.0 = Release|Win32
		{CCCEA9BF-A0A1-4B59-8C8A-A5E8E9D8914A}.Debug|Win32.ActiveCfg = Debug|Win32
		{CCCEA9BF-A0A1-4B59-8C8A-A5E8E9D8914A}.Debug|Win32.Build.0 = Debug|Win32
		{CCCEA9BF-A0A1-4B59-8C8A-A5E8E9D8914A}.Release|Win32.ActiveCfg = Release|Win32
		{CCCEA9BF-A0A1-4B59-8C8A-A5E8E9D8914A}.Release|Win32.Build.0 = Release|Win32
		{65BCE2C7-1274-4D24-A6B2-D2B350647917}.Debug|Win32.ActiveCfg = Debug|Win32
		{65BCE2C7-1274-4D24-A6B2-D2B350647917}.Debug|Win32.Build.0 = Debug|Win32
		{65BCE2C7-1274-4D24-A6B2-D2B350647917}.Release|Win32.ActiveCfg = Release|Win32
		{65BCE2C7-1274-4D24-A6B2-D2B350647917}.Release|Win32.Build.0 = Release|Win32
		{8622AFF9-44DE-481F-9EC4-876747BF047D}.Debug|Win32.ActiveCfg = Debug|Win32
		{8622AFF9-44DE-481F-9EC4-876747BF047D}.Debug|Win32.Build.0 = Debug|Win32
		{8622AFF9-44DE-481F-9EC4-876747BF047D}.Release|Win32.ActiveCfg = Release|Win32
		{8622AFF9-44DE-481F-9EC4-876747BF047D}.Release|Win32.Build.0 = Release|Win32
	EndGlobalSection
	GlobalSection(SolutionProperties) = preSolution
		HideSolutionNode = FALSE
	EndGlobalSection
	GlobalSection(NestedProjects) = preSolution
		{52F99E4B-EA7D-470C-B66F-685C3B40626A} = {1E231CBD-18F4-4D61-B07E-1D67521B9124}
		{523F6D91-428F-4331-BD21-78F838E50BB2} = {1E231CBD-18F4-4D61-B07E-1D67521B9124}
		{58D091D7-189D-4DCF-85B0-1F9A4B70AA59} = {C1B75E8D-C0A9-48AA-B6E2-C6C9EE96EA47}
		{CCCEA9BF-A0A1-4B59-8C8A-A5E8E9D8914A} = {C1B75E8D-C0A9-48AA-B6E2-C6C9EE96EA47}
		{65BCE2C7-1274-4D24-A6B2-D2B350647917} = {C1B75E8D-C0A9-48AA-B6E2-C6C9EE96EA47}
		{8622AFF9-44DE-481F-9EC4-876747BF047D} = {C1B75E8D-C0A9-48AA-B6E2-C6C9EE96EA47}
		{67178C9F-A7A4-4445-A6D6-759A0AB810F0} = {0122AC38-C971-4C7D-AE0E-BFC06BE444E0}
		{47334CB0-11C1-4B73-81F8-1EF900241B21} = {0122AC38-C971-4C7D-AE0E-BFC06BE444E0}
		{A6BE8EEB-9417-4E65-8155-E53DC3343586} = {0122AC38-C971-4C7D-AE0E-BFC06BE444E0}
	EndGlobalSection
EndGlobal
