
Microsoft Visual Studio Solution File, Format Version 12.00
# Visual Studio 14
VisualStudioVersion = 14.0.23107.0
MinimumVisualStudioVersion = 10.0.40219.1
Project("{2150E333-8FDC-42A3-9474-1A3956D46DE8}") = "Core Modules", "Core Modules", "{C1B75E8D-C0A9-48AA-B6E2-C6C9EE96EA47}"
EndProject
Project("{2150E333-8FDC-42A3-9474-1A3956D46DE8}") = "Core Libs", "Core Libs", "{1E231CBD-18F4-4D61-B07E-1D67521B9124}"
EndProject
Project("{2150E333-8FDC-42A3-9474-1A3956D46DE8}") = "Utils", "Utils", "{0122AC38-C971-4C7D-AE0E-BFC06BE444E0}"
EndProject
Project("{8BC9CEB8-8B4A-11D0-8D11-00A0C91BC942}") = "libnsd", "src\libnsd\libnsd.vcxproj", "{523F6D91-428F-4331-BD21-78F838E50BB2}"
EndProject
Project("{8BC9CEB8-8B4A-11D0-8D11-00A0C91BC942}") = "server", "src\server\server.vcxproj", "{4F588DB1-A8C3-4610-85FE-AA281A263074}"
	ProjectSection(ProjectDependencies) = postProject
		{523F6D91-428F-4331-BD21-78F838E50BB2} = {523F6D91-428F-4331-BD21-78F838E50BB2}
		{67178C9F-A7A4-4445-A6D6-759A0AB810F0} = {67178C9F-A7A4-4445-A6D6-759A0AB810F0}
		{47334CB0-11C1-4B73-81F8-1EF900241B21} = {47334CB0-11C1-4B73-81F8-1EF900241B21}
		{A6BE8EEB-9417-4E65-8155-E53DC3343586} = {A6BE8EEB-9417-4E65-8155-E53DC3343586}
	EndProjectSection
EndProject
Project("{8BC9CEB8-8B4A-11D0-8D11-00A0C91BC942}") = "httpd", "src\modules\core\httpd\httpd.vcxproj", "{58D091D7-189D-4DCF-85B0-1F9A4B70AA59}"
	ProjectSection(ProjectDependencies) = postProject
		{523F6D91-428F-4331-BD21-78F838E50BB2} = {523F6D91-428F-4331-BD21-78F838E50BB2}
		{4F588DB1-A8C3-4610-85FE-AA281A263074} = {4F588DB1-A8C3-4610-85FE-AA281A263074}
	EndProjectSection
EndProject
Project("{8BC9CEB8-8B4A-11D0-8D11-00A0C91BC942}") = "gsmon", "src\win\gsmon\gsmon.vcxproj", "{A6BE8EEB-9417-4E65-8155-E53DC3343586}"
	ProjectSection(ProjectDependencies) = postProject
		{523F6D91-428F-4331-BD21-78F838E50BB2} = {523F6D91-428F-4331-BD21-78F838E50BB2}
	EndProjectSection
EndProject
Project("{8BC9CEB8-8B4A-11D0-8D11-00A0C91BC942}") = "confutil", "src\confutil\confutil.vcxproj", "{67178C9F-A7A4-4445-A6D6-759A0AB810F0}"
	ProjectSection(ProjectDependencies) = postProject
		{523F6D91-428F-4331-BD21-78F838E50BB2} = {523F6D91-428F-4331-BD21-78F838E50BB2}
	EndProjectSection
EndProject
Project("{8BC9CEB8-8B4A-11D0-8D11-00A0C91BC942}") = "dbutil", "src\dbutil\dbutil.vcxproj", "{47334CB0-11C1-4B73-81F8-1EF900241B21}"
	ProjectSection(ProjectDependencies) = postProject
		{523F6D91-428F-4331-BD21-78F838E50BB2} = {523F6D91-428F-4331-BD21-78F838E50BB2}
	EndProjectSection
EndProject
Project("{8BC9CEB8-8B4A-11D0-8D11-00A0C91BC942}") = "pop3d", "src\modules\core\pop3d\pop3d.vcxproj", "{CCCEA9BF-A0A1-4B59-8C8A-A5E8E9D8914A}"
	ProjectSection(ProjectDependencies) = postProject
		{523F6D91-428F-4331-BD21-78F838E50BB2} = {523F6D91-428F-4331-BD21-78F838E50BB2}
		{4F588DB1-A8C3-4610-85FE-AA281A263074} = {4F588DB1-A8C3-4610-85FE-AA281A263074}
	EndProjectSection
EndProject
Project("{8BC9CEB8-8B4A-11D0-8D11-00A0C91BC942}") = "smtpd", "src\modules\core\smtpd\smtpd.vcxproj", "{65BCE2C7-1274-4D24-A6B2-D2B350647917}"
	ProjectSection(ProjectDependencies) = postProject
		{523F6D91-428F-4331-BD21-78F838E50BB2} = {523F6D91-428F-4331-BD21-78F838E50BB2}
		{4F588DB1-A8C3-4610-85FE-AA281A263074} = {4F588DB1-A8C3-4610-85FE-AA281A263074}
	EndProjectSection
EndProject
Project("{8BC9CEB8-8B4A-11D0-8D11-00A0C91BC942}") = "smtpq", "src\modules\core\smtpq\smtpq.vcxproj", "{8622AFF9-44DE-481F-9EC4-876747BF047D}"
	ProjectSection(ProjectDependencies) = postProject
		{523F6D91-428F-4331-BD21-78F838E50BB2} = {523F6D91-428F-4331-BD21-78F838E50BB2}
		{4F588DB1-A8C3-4610-85FE-AA281A263074} = {4F588DB1-A8C3-4610-85FE-AA281A263074}
	EndProjectSection
EndProject
Project("{2150E333-8FDC-42A3-9474-1A3956D46DE8}") = "NSP", "NSP", "{B538C3DF-EEBC-45ED-BA3D-FA28319BCEDF}"
EndProject
Project("{8BC9CEB8-8B4A-11D0-8D11-00A0C91BC942}") = "libnsp", "src\nsp\src\libnsp\libnsp.vcxproj", "{7DA1BAAF-868F-425F-ACA3-BB1646EC3D4D}"
EndProject
Project("{8BC9CEB8-8B4A-11D0-8D11-00A0C91BC942}") = "libnsp_base(dll)", "src\nsp\src\libs\base\libnsp_base(dll).vcxproj", "{D08F308C-C0C5-4F88-89F4-A435959F8E43}"
EndProject
Project("{8BC9CEB8-8B4A-11D0-8D11-00A0C91BC942}") = "libnsp_crypto(dll)", "src\nsp\src\libs\crypto\libnsp_crypto(dll).vcxproj", "{3A23312E-E821-41E4-ADE7-D27CC45C3F49}"
EndProject
Project("{8BC9CEB8-8B4A-11D0-8D11-00A0C91BC942}") = "libnsp_data(dll)", "src\nsp\src\libs\data\libnsp_data(dll).vcxproj", "{E2278892-2734-42A7-BA8F-ECD757E8AC42}"
EndProject
Project("{8BC9CEB8-8B4A-11D0-8D11-00A0C91BC942}") = "libnsp_fbsql(dll)", "src\nsp\src\libs\fbsql\libnsp_fbsql(dll).vcxproj", "{279D35AA-70BB-49FE-912F-FDFD41B0E386}"
EndProject
Project("{8BC9CEB8-8B4A-11D0-8D11-00A0C91BC942}") = "libnsp_ldap(dll)", "src\nsp\src\libs\ldap\libnsp_ldap(dll).vcxproj", "{A8AD9D26-8883-4D04-AF5F-91FEAE2D3382}"
EndProject
Project("{8BC9CEB8-8B4A-11D0-8D11-00A0C91BC942}") = "libnsp_mysql(dll)", "src\nsp\src\libs\mysql\libnsp_mysql(dll).vcxproj", "{36C2B760-92FA-4AFB-AB17-8EE323AEFCE7}"
EndProject
Project("{8BC9CEB8-8B4A-11D0-8D11-00A0C91BC942}") = "libnsp_net(dll)", "src\nsp\src\libs\net\libnsp_net(dll).vcxproj", "{51AFBBE1-5517-4F44-AD2A-9A28B22287F0}"
EndProject
Project("{8BC9CEB8-8B4A-11D0-8D11-00A0C91BC942}") = "libnsp_odbc(dll)", "src\nsp\src\libs\odbc\libnsp_odbc(dll).vcxproj", "{F32E799E-DB47-41F0-B395-C0443C1235FC}"
EndProject
Project("{8BC9CEB8-8B4A-11D0-8D11-00A0C91BC942}") = "libnsp_pgsql(dll)", "src\nsp\src\libs\pgsql\libnsp_pgsql(dll).vcxproj", "{D7AD4332-E7F8-4818-9870-CAA8E02EF6EC}"
EndProject
Project("{8BC9CEB8-8B4A-11D0-8D11-00A0C91BC942}") = "libnsp_sqlite(dll)", "src\nsp\src\libs\sqlite\libnsp_sqlite(dll).vcxproj", "{85544B83-3006-4820-98AD-6639122BA24D}"
EndProject
Project("{8BC9CEB8-8B4A-11D0-8D11-00A0C91BC942}") = "libnsp_ssh2(dll)", "src\nsp\src\libs\ssh2\libnsp_ssh2(dll).vcxproj", "{6EE0844B-E695-4B35-A08E-0C9504C358F8}"
EndProject
Project("{8BC9CEB8-8B4A-11D0-8D11-00A0C91BC942}") = "CLI", "src\nsp\src\hosts\cli\CLI.vcxproj", "{02EBD4F5-67F2-4664-9637-ED43375B2FED}"
EndProject
Global
	GlobalSection(SolutionConfigurationPlatforms) = preSolution
		Debug|Win32 = Debug|Win32
		Release|Win32 = Release|Win32
	EndGlobalSection
	GlobalSection(ProjectConfigurationPlatforms) = postSolution
		{523F6D91-428F-4331-BD21-78F838E50BB2}.Debug|Win32.ActiveCfg = Debug|Win32
		{523F6D91-428F-4331-BD21-78F838E50BB2}.Debug|Win32.Build.0 = Debug|Win32
		{523F6D91-428F-4331-BD21-78F838E50BB2}.Release|Win32.ActiveCfg = Release|Win32
		{523F6D91-428F-4331-BD21-78F838E50BB2}.Release|Win32.Build.0 = Release|Win32
		{4F588DB1-A8C3-4610-85FE-AA281A263074}.Debug|Win32.ActiveCfg = Debug|Win32
		{4F588DB1-A8C3-4610-85FE-AA281A263074}.Debug|Win32.Build.0 = Debug|Win32
		{4F588DB1-A8C3-4610-85FE-AA281A263074}.Release|Win32.ActiveCfg = Release|Win32
		{4F588DB1-A8C3-4610-85FE-AA281A263074}.Release|Win32.Build.0 = Release|Win32
		{58D091D7-189D-4DCF-85B0-1F9A4B70AA59}.Debug|Win32.ActiveCfg = Debug|Win32
		{58D091D7-189D-4DCF-85B0-1F9A4B70AA59}.Debug|Win32.Build.0 = Debug|Win32
		{58D091D7-189D-4DCF-85B0-1F9A4B70AA59}.Release|Win32.ActiveCfg = Release|Win32
		{58D091D7-189D-4DCF-85B0-1F9A4B70AA59}.Release|Win32.Build.0 = Release|Win32
		{A6BE8EEB-9417-4E65-8155-E53DC3343586}.Debug|Win32.ActiveCfg = Debug|Win32
		{A6BE8EEB-9417-4E65-8155-E53DC3343586}.Debug|Win32.Build.0 = Debug|Win32
		{A6BE8EEB-9417-4E65-8155-E53DC3343586}.Release|Win32.ActiveCfg = Release|Win32
		{A6BE8EEB-9417-4E65-8155-E53DC3343586}.Release|Win32.Build.0 = Release|Win32
		{67178C9F-A7A4-4445-A6D6-759A0AB810F0}.Debug|Win32.ActiveCfg = Debug|Win32
		{67178C9F-A7A4-4445-A6D6-759A0AB810F0}.Debug|Win32.Build.0 = Debug|Win32
		{67178C9F-A7A4-4445-A6D6-759A0AB810F0}.Release|Win32.ActiveCfg = Release|Win32
		{67178C9F-A7A4-4445-A6D6-759A0AB810F0}.Release|Win32.Build.0 = Release|Win32
		{47334CB0-11C1-4B73-81F8-1EF900241B21}.Debug|Win32.ActiveCfg = Debug|Win32
		{47334CB0-11C1-4B73-81F8-1EF900241B21}.Debug|Win32.Build.0 = Debug|Win32
		{47334CB0-11C1-4B73-81F8-1EF900241B21}.Release|Win32.ActiveCfg = Release|Win32
		{47334CB0-11C1-4B73-81F8-1EF900241B21}.Release|Win32.Build.0 = Release|Win32
		{CCCEA9BF-A0A1-4B59-8C8A-A5E8E9D8914A}.Debug|Win32.ActiveCfg = Debug|Win32
		{CCCEA9BF-A0A1-4B59-8C8A-A5E8E9D8914A}.Debug|Win32.Build.0 = Debug|Win32
		{CCCEA9BF-A0A1-4B59-8C8A-A5E8E9D8914A}.Release|Win32.ActiveCfg = Release|Win32
		{CCCEA9BF-A0A1-4B59-8C8A-A5E8E9D8914A}.Release|Win32.Build.0 = Release|Win32
		{65BCE2C7-1274-4D24-A6B2-D2B350647917}.Debug|Win32.ActiveCfg = Debug|Win32
		{65BCE2C7-1274-4D24-A6B2-D2B350647917}.Debug|Win32.Build.0 = Debug|Win32
		{65BCE2C7-1274-4D24-A6B2-D2B350647917}.Release|Win32.ActiveCfg = Release|Win32
		{65BCE2C7-1274-4D24-A6B2-D2B350647917}.Release|Win32.Build.0 = Release|Win32
		{8622AFF9-44DE-481F-9EC4-876747BF047D}.Debug|Win32.ActiveCfg = Debug|Win32
		{8622AFF9-44DE-481F-9EC4-876747BF047D}.Debug|Win32.Build.0 = Debug|Win32
		{8622AFF9-44DE-481F-9EC4-876747BF047D}.Release|Win32.ActiveCfg = Release|Win32
		{8622AFF9-44DE-481F-9EC4-876747BF047D}.Release|Win32.Build.0 = Release|Win32
		{7DA1BAAF-868F-425F-ACA3-BB1646EC3D4D}.Debug|Win32.ActiveCfg = Debug|Win32
		{7DA1BAAF-868F-425F-ACA3-BB1646EC3D4D}.Debug|Win32.Build.0 = Debug|Win32
		{7DA1BAAF-868F-425F-ACA3-BB1646EC3D4D}.Release|Win32.ActiveCfg = Release|Win32
		{7DA1BAAF-868F-425F-ACA3-BB1646EC3D4D}.Release|Win32.Build.0 = Release|Win32
		{D08F308C-C0C5-4F88-89F4-A435959F8E43}.Debug|Win32.ActiveCfg = Debug|Win32
		{D08F308C-C0C5-4F88-89F4-A435959F8E43}.Debug|Win32.Build.0 = Debug|Win32
		{D08F308C-C0C5-4F88-89F4-A435959F8E43}.Release|Win32.ActiveCfg = Release|Win32
		{D08F308C-C0C5-4F88-89F4-A435959F8E43}.Release|Win32.Build.0 = Release|Win32
		{3A23312E-E821-41E4-ADE7-D27CC45C3F49}.Debug|Win32.ActiveCfg = Debug|Win32
		{3A23312E-E821-41E4-ADE7-D27CC45C3F49}.Debug|Win32.Build.0 = Debug|Win32
		{3A23312E-E821-41E4-ADE7-D27CC45C3F49}.Release|Win32.ActiveCfg = Release|Win32
		{3A23312E-E821-41E4-ADE7-D27CC45C3F49}.Release|Win32.Build.0 = Release|Win32
		{E2278892-2734-42A7-BA8F-ECD757E8AC42}.Debug|Win32.ActiveCfg = Debug|Win32
		{E2278892-2734-42A7-BA8F-ECD757E8AC42}.Debug|Win32.Build.0 = Debug|Win32
		{E2278892-2734-42A7-BA8F-ECD757E8AC42}.Release|Win32.ActiveCfg = Release|Win32
		{E2278892-2734-42A7-BA8F-ECD757E8AC42}.Release|Win32.Build.0 = Release|Win32
		{279D35AA-70BB-49FE-912F-FDFD41B0E386}.Debug|Win32.ActiveCfg = Debug|Win32
		{279D35AA-70BB-49FE-912F-FDFD41B0E386}.Debug|Win32.Build.0 = Debug|Win32
		{279D35AA-70BB-49FE-912F-FDFD41B0E386}.Release|Win32.ActiveCfg = Release|Win32
		{279D35AA-70BB-49FE-912F-FDFD41B0E386}.Release|Win32.Build.0 = Release|Win32
		{A8AD9D26-8883-4D04-AF5F-91FEAE2D3382}.Debug|Win32.ActiveCfg = Debug|Win32
		{A8AD9D26-8883-4D04-AF5F-91FEAE2D3382}.Debug|Win32.Build.0 = Debug|Win32
		{A8AD9D26-8883-4D04-AF5F-91FEAE2D3382}.Release|Win32.ActiveCfg = Release|Win32
		{A8AD9D26-8883-4D04-AF5F-91FEAE2D3382}.Release|Win32.Build.0 = Release|Win32
		{36C2B760-92FA-4AFB-AB17-8EE323AEFCE7}.Debug|Win32.ActiveCfg = Debug|Win32
		{36C2B760-92FA-4AFB-AB17-8EE323AEFCE7}.Debug|Win32.Build.0 = Debug|Win32
		{36C2B760-92FA-4AFB-AB17-8EE323AEFCE7}.Release|Win32.ActiveCfg = Release|Win32
		{36C2B760-92FA-4AFB-AB17-8EE323AEFCE7}.Release|Win32.Build.0 = Release|Win32
		{51AFBBE1-5517-4F44-AD2A-9A28B22287F0}.Debug|Win32.ActiveCfg = Debug|Win32
		{51AFBBE1-5517-4F44-AD2A-9A28B22287F0}.Debug|Win32.Build.0 = Debug|Win32
		{51AFBBE1-5517-4F44-AD2A-9A28B22287F0}.Release|Win32.ActiveCfg = Release|Win32
		{51AFBBE1-5517-4F44-AD2A-9A28B22287F0}.Release|Win32.Build.0 = Release|Win32
		{F32E799E-DB47-41F0-B395-C0443C1235FC}.Debug|Win32.ActiveCfg = Debug|Win32
		{F32E799E-DB47-41F0-B395-C0443C1235FC}.Debug|Win32.Build.0 = Debug|Win32
		{F32E799E-DB47-41F0-B395-C0443C1235FC}.Release|Win32.ActiveCfg = Release|Win32
		{F32E799E-DB47-41F0-B395-C0443C1235FC}.Release|Win32.Build.0 = Release|Win32
		{D7AD4332-E7F8-4818-9870-CAA8E02EF6EC}.Debug|Win32.ActiveCfg = Debug|Win32
		{D7AD4332-E7F8-4818-9870-CAA8E02EF6EC}.Debug|Win32.Build.0 = Debug|Win32
		{D7AD4332-E7F8-4818-9870-CAA8E02EF6EC}.Release|Win32.ActiveCfg = Release|Win32
		{D7AD4332-E7F8-4818-9870-CAA8E02EF6EC}.Release|Win32.Build.0 = Release|Win32
		{85544B83-3006-4820-98AD-6639122BA24D}.Debug|Win32.ActiveCfg = Debug|Win32
		{85544B83-3006-4820-98AD-6639122BA24D}.Debug|Win32.Build.0 = Debug|Win32
		{85544B83-3006-4820-98AD-6639122BA24D}.Release|Win32.ActiveCfg = Release|Win32
		{85544B83-3006-4820-98AD-6639122BA24D}.Release|Win32.Build.0 = Release|Win32
		{6EE0844B-E695-4B35-A08E-0C9504C358F8}.Debug|Win32.ActiveCfg = Debug|Win32
		{6EE0844B-E695-4B35-A08E-0C9504C358F8}.Debug|Win32.Build.0 = Debug|Win32
		{6EE0844B-E695-4B35-A08E-0C9504C358F8}.Release|Win32.ActiveCfg = Release|Win32
		{6EE0844B-E695-4B35-A08E-0C9504C358F8}.Release|Win32.Build.0 = Release|Win32
		{02EBD4F5-67F2-4664-9637-ED43375B2FED}.Debug|Win32.ActiveCfg = Debug|Win32
		{02EBD4F5-67F2-4664-9637-ED43375B2FED}.Debug|Win32.Build.0 = Debug|Win32
		{02EBD4F5-67F2-4664-9637-ED43375B2FED}.Release|Win32.ActiveCfg = Release|Win32
		{02EBD4F5-67F2-4664-9637-ED43375B2FED}.Release|Win32.Build.0 = Release|Win32
	EndGlobalSection
	GlobalSection(SolutionProperties) = preSolution
		HideSolutionNode = FALSE
	EndGlobalSection
	GlobalSection(NestedProjects) = preSolution
		{523F6D91-428F-4331-BD21-78F838E50BB2} = {1E231CBD-18F4-4D61-B07E-1D67521B9124}
		{58D091D7-189D-4DCF-85B0-1F9A4B70AA59} = {C1B75E8D-C0A9-48AA-B6E2-C6C9EE96EA47}
		{A6BE8EEB-9417-4E65-8155-E53DC3343586} = {0122AC38-C971-4C7D-AE0E-BFC06BE444E0}
		{67178C9F-A7A4-4445-A6D6-759A0AB810F0} = {0122AC38-C971-4C7D-AE0E-BFC06BE444E0}
		{47334CB0-11C1-4B73-81F8-1EF900241B21} = {0122AC38-C971-4C7D-AE0E-BFC06BE444E0}
		{CCCEA9BF-A0A1-4B59-8C8A-A5E8E9D8914A} = {C1B75E8D-C0A9-48AA-B6E2-C6C9EE96EA47}
		{65BCE2C7-1274-4D24-A6B2-D2B350647917} = {C1B75E8D-C0A9-48AA-B6E2-C6C9EE96EA47}
		{8622AFF9-44DE-481F-9EC4-876747BF047D} = {C1B75E8D-C0A9-48AA-B6E2-C6C9EE96EA47}
		{7DA1BAAF-868F-425F-ACA3-BB1646EC3D4D} = {B538C3DF-EEBC-45ED-BA3D-FA28319BCEDF}
		{D08F308C-C0C5-4F88-89F4-A435959F8E43} = {B538C3DF-EEBC-45ED-BA3D-FA28319BCEDF}
		{3A23312E-E821-41E4-ADE7-D27CC45C3F49} = {B538C3DF-EEBC-45ED-BA3D-FA28319BCEDF}
		{E2278892-2734-42A7-BA8F-ECD757E8AC42} = {B538C3DF-EEBC-45ED-BA3D-FA28319BCEDF}
		{279D35AA-70BB-49FE-912F-FDFD41B0E386} = {B538C3DF-EEBC-45ED-BA3D-FA28319BCEDF}
		{A8AD9D26-8883-4D04-AF5F-91FEAE2D3382} = {B538C3DF-EEBC-45ED-BA3D-FA28319BCEDF}
		{36C2B760-92FA-4AFB-AB17-8EE323AEFCE7} = {B538C3DF-EEBC-45ED-BA3D-FA28319BCEDF}
		{51AFBBE1-5517-4F44-AD2A-9A28B22287F0} = {B538C3DF-EEBC-45ED-BA3D-FA28319BCEDF}
		{F32E799E-DB47-41F0-B395-C0443C1235FC} = {B538C3DF-EEBC-45ED-BA3D-FA28319BCEDF}
		{D7AD4332-E7F8-4818-9870-CAA8E02EF6EC} = {B538C3DF-EEBC-45ED-BA3D-FA28319BCEDF}
		{85544B83-3006-4820-98AD-6639122BA24D} = {B538C3DF-EEBC-45ED-BA3D-FA28319BCEDF}
		{6EE0844B-E695-4B35-A08E-0C9504C358F8} = {B538C3DF-EEBC-45ED-BA3D-FA28319BCEDF}
		{02EBD4F5-67F2-4664-9637-ED43375B2FED} = {B538C3DF-EEBC-45ED-BA3D-FA28319BCEDF}
	EndGlobalSection
EndGlobal
